// !$*UTF8*$!
{
	archiveVersion = 1;
	classes = {
	};
	objectVersion = 56;
	objects = {

/* Begin PBXBuildFile section */
		7BB8352D2A95C484009537F1 /* MapDestinationApp.swift in Sources */ = {isa = PBXBuildFile; fileRef = 7BB8352C2A95C484009537F1 /* MapDestinationApp.swift */; };
		7BB8352F2A95C484009537F1 /* ContentView.swift in Sources */ = {isa = PBXBuildFile; fileRef = 7BB8352E2A95C484009537F1 /* ContentView.swift */; };
		7BB835342A95C486009537F1 /* Preview Assets.xcassets in Resources */ = {isa = PBXBuildFile; fileRef = 7BB835332A95C486009537F1 /* Preview Assets.xcassets */; };
		7BB8353B2A95C5A5009537F1 /* Assets.xcassets in Resources */ = {isa = PBXBuildFile; fileRef = 7BB8353A2A95C5A5009537F1 /* Assets.xcassets */; };
		7BB835402A95C710009537F1 /* Location.swift in Sources */ = {isa = PBXBuildFile; fileRef = 7BB8353F2A95C710009537F1 /* Location.swift */; };
		7BB835432A95C9A0009537F1 /* LocationDataService.swift in Sources */ = {isa = PBXBuildFile; fileRef = 7BB835422A95C9A0009537F1 /* LocationDataService.swift */; };
		7BB835472A95CBC2009537F1 /* LocationsViewModel.swift in Sources */ = {isa = PBXBuildFile; fileRef = 7BB835462A95CBC2009537F1 /* LocationsViewModel.swift */; };
		7BB8354B2A95CBD4009537F1 /* LocationsView.swift in Sources */ = {isa = PBXBuildFile; fileRef = 7BB8354A2A95CBD4009537F1 /* LocationsView.swift */; };
		7BB8354D2A95D305009537F1 /* LocationsListView.swift in Sources */ = {isa = PBXBuildFile; fileRef = 7BB8354C2A95D305009537F1 /* LocationsListView.swift */; };
		7BB8354F2A95FD0D009537F1 /* LocationPreviewView.swift in Sources */ = {isa = PBXBuildFile; fileRef = 7BB8354E2A95FD0D009537F1 /* LocationPreviewView.swift */; };
		7BB835512A961B0D009537F1 /* LocationMapAnnnotationView.swift in Sources */ = {isa = PBXBuildFile; fileRef = 7BB835502A961B0D009537F1 /* LocationMapAnnnotationView.swift */; };
		7BB835532A96232D009537F1 /* LocationDetailView.swift in Sources */ = {isa = PBXBuildFile; fileRef = 7BB835522A96232D009537F1 /* LocationDetailView.swift */; };
/* End PBXBuildFile section */

/* Begin PBXFileReference section */
		7BB835292A95C484009537F1 /* MapDestination.app */ = {isa = PBXFileReference; explicitFileType = wrapper.application; includeInIndex = 0; path = MapDestination.app; sourceTree = BUILT_PRODUCTS_DIR; };
		7BB8352C2A95C484009537F1 /* MapDestinationApp.swift */ = {isa = PBXFileReference; lastKnownFileType = sourcecode.swift; path = MapDestinationApp.swift; sourceTree = "<group>"; };
		7BB8352E2A95C484009537F1 /* ContentView.swift */ = {isa = PBXFileReference; lastKnownFileType = sourcecode.swift; path = ContentView.swift; sourceTree = "<group>"; };
		7BB835332A95C486009537F1 /* Preview Assets.xcassets */ = {isa = PBXFileReference; lastKnownFileType = folder.assetcatalog; path = "Preview Assets.xcassets"; sourceTree = "<group>"; };
		7BB8353A2A95C5A5009537F1 /* Assets.xcassets */ = {isa = PBXFileReference; lastKnownFileType = folder.assetcatalog; path = Assets.xcassets; sourceTree = "<group>"; };
		7BB8353F2A95C710009537F1 /* Location.swift */ = {isa = PBXFileReference; lastKnownFileType = sourcecode.swift; path = Location.swift; sourceTree = "<group>"; };
		7BB835422A95C9A0009537F1 /* LocationDataService.swift */ = {isa = PBXFileReference; lastKnownFileType = sourcecode.swift; path = LocationDataService.swift; sourceTree = "<group>"; };
		7BB835462A95CBC2009537F1 /* LocationsViewModel.swift */ = {isa = PBXFileReference; lastKnownFileType = sourcecode.swift; path = LocationsViewModel.swift; sourceTree = "<group>"; };
		7BB8354A2A95CBD4009537F1 /* LocationsView.swift */ = {isa = PBXFileReference; lastKnownFileType = sourcecode.swift; path = LocationsView.swift; sourceTree = "<group>"; };
		7BB8354C2A95D305009537F1 /* LocationsListView.swift */ = {isa = PBXFileReference; lastKnownFileType = sourcecode.swift; path = LocationsListView.swift; sourceTree = "<group>"; };
		7BB8354E2A95FD0D009537F1 /* LocationPreviewView.swift */ = {isa = PBXFileReference; lastKnownFileType = sourcecode.swift; path = LocationPreviewView.swift; sourceTree = "<group>"; };
		7BB835502A961B0D009537F1 /* LocationMapAnnnotationView.swift */ = {isa = PBXFileReference; lastKnownFileType = sourcecode.swift; path = LocationMapAnnnotationView.swift; sourceTree = "<group>"; };
		7BB835522A96232D009537F1 /* LocationDetailView.swift */ = {isa = PBXFileReference; lastKnownFileType = sourcecode.swift; path = LocationDetailView.swift; sourceTree = "<group>"; };
/* End PBXFileReference section */

/* Begin PBXFrameworksBuildPhase section */
		7BB835262A95C484009537F1 /* Frameworks */ = {
			isa = PBXFrameworksBuildPhase;
			buildActionMask = 2147483647;
			files = (
			);
			runOnlyForDeploymentPostprocessing = 0;
		};
/* End PBXFrameworksBuildPhase section */

/* Begin PBXGroup section */
		7BB835202A95C484009537F1 = {
			isa = PBXGroup;
			children = (
				7BB8352B2A95C484009537F1 /* MapDestination */,
				7BB8352A2A95C484009537F1 /* Products */,
			);
			sourceTree = "<group>";
		};
		7BB8352A2A95C484009537F1 /* Products */ = {
			isa = PBXGroup;
			children = (
				7BB835292A95C484009537F1 /* MapDestination.app */,
			);
			name = Products;
			sourceTree = "<group>";
		};
		7BB8352B2A95C484009537F1 /* MapDestination */ = {
			isa = PBXGroup;
			children = (
				7BB8352C2A95C484009537F1 /* MapDestinationApp.swift */,
				7BB8352E2A95C484009537F1 /* ContentView.swift */,
				7BB835412A95C98E009537F1 /* DataServices */,
				7BB8353E2A95C6BF009537F1 /* Models */,
				7BB8353C2A95C6A5009537F1 /* Views */,
				7BB8353D2A95C6B0009537F1 /* ViewModels */,
				7BB8353A2A95C5A5009537F1 /* Assets.xcassets */,
				7BB835322A95C486009537F1 /* Preview Content */,
			);
			path = MapDestination;
			sourceTree = "<group>";
		};
		7BB835322A95C486009537F1 /* Preview Content */ = {
			isa = PBXGroup;
			children = (
				7BB835332A95C486009537F1 /* Preview Assets.xcassets */,
			);
			path = "Preview Content";
			sourceTree = "<group>";
		};
		7BB8353C2A95C6A5009537F1 /* Views */ = {
			isa = PBXGroup;
			children = (
				7BB8354A2A95CBD4009537F1 /* LocationsView.swift */,
				7BB8354C2A95D305009537F1 /* LocationsListView.swift */,
				7BB8354E2A95FD0D009537F1 /* LocationPreviewView.swift */,
				7BB835502A961B0D009537F1 /* LocationMapAnnnotationView.swift */,
				7BB835522A96232D009537F1 /* LocationDetailView.swift */,
			);
			path = Views;
			sourceTree = "<group>";
		};
		7BB8353D2A95C6B0009537F1 /* ViewModels */ = {
			isa = PBXGroup;
			children = (
				7BB835462A95CBC2009537F1 /* LocationsViewModel.swift */,
			);
			path = ViewModels;
			sourceTree = "<group>";
		};
		7BB8353E2A95C6BF009537F1 /* Models */ = {
			isa = PBXGroup;
			children = (
				7BB8353F2A95C710009537F1 /* Location.swift */,
			);
			path = Models;
			sourceTree = "<group>";
		};
		7BB835412A95C98E009537F1 /* DataServices */ = {
			isa = PBXGroup;
			children = (
				7BB835422A95C9A0009537F1 /* LocationDataService.swift */,
			);
			path = DataServices;
			sourceTree = "<group>";
		};
/* End PBXGroup section */

/* Begin PBXNativeTarget section */
		7BB835282A95C484009537F1 /* MapDestination */ = {
			isa = PBXNativeTarget;
			buildConfigurationList = 7BB835372A95C486009537F1 /* Build configuration list for PBXNativeTarget "MapDestination" */;
			buildPhases = (
				7BB835252A95C484009537F1 /* Sources */,
				7BB835262A95C484009537F1 /* Frameworks */,
				7BB835272A95C484009537F1 /* Resources */,
			);
			buildRules = (
			);
			dependencies = (
			);
			name = MapDestination;
			productName = MapDestination;
			productReference = 7BB835292A95C484009537F1 /* MapDestination.app */;
			productType = "com.apple.product-type.application";
		};
/* End PBXNativeTarget section */

/* Begin PBXProject section */
		7BB835212A95C484009537F1 /* Project object */ = {
			isa = PBXProject;
			attributes = {
				BuildIndependentTargetsInParallel = 1;
				LastSwiftUpdateCheck = 1430;
				LastUpgradeCheck = 1430;
				TargetAttributes = {
					7BB835282A95C484009537F1 = {
						CreatedOnToolsVersion = 14.3;
					};
				};
			};
			buildConfigurationList = 7BB835242A95C484009537F1 /* Build configuration list for PBXProject "MapDestination" */;
			compatibilityVersion = "Xcode 14.0";
			developmentRegion = en;
			hasScannedForEncodings = 0;
			knownRegions = (
				en,
				Base,
			);
			mainGroup = 7BB835202A95C484009537F1;
			productRefGroup = 7BB8352A2A95C484009537F1 /* Products */;
			projectDirPath = "";
			projectRoot = "";
			targets = (
				7BB835282A95C484009537F1 /* MapDestination */,
			);
		};
/* End PBXProject section */

/* Begin PBXResourcesBuildPhase section */
		7BB835272A95C484009537F1 /* Resources */ = {
			isa = PBXResourcesBuildPhase;
			buildActionMask = 2147483647;
			files = (
				7BB8353B2A95C5A5009537F1 /* Assets.xcassets in Resources */,
				7BB835342A95C486009537F1 /* Preview Assets.xcassets in Resources */,
			);
			runOnlyForDeploymentPostprocessing = 0;
		};
/* End PBXResourcesBuildPhase section */

/* Begin PBXSourcesBuildPhase section */
		7BB835252A95C484009537F1 /* Sources */ = {
			isa = PBXSourcesBuildPhase;
			buildActionMask = 2147483647;
			files = (
				7BB835432A95C9A0009537F1 /* LocationDataService.swift in Sources */,
				7BB8354D2A95D305009537F1 /* LocationsListView.swift in Sources */,
				7BB8354F2A95FD0D009537F1 /* LocationPreviewView.swift in Sources */,
				7BB835472A95CBC2009537F1 /* LocationsViewModel.swift in Sources */,
				7BB8352F2A95C484009537F1 /* ContentView.swift in Sources */,
				7BB835512A961B0D009537F1 /* LocationMapAnnnotationView.swift in Sources */,
				7BB8354B2A95CBD4009537F1 /* LocationsView.swift in Sources */,
				7BB835402A95C710009537F1 /* Location.swift in Sources */,
				7BB835532A96232D009537F1 /* LocationDetailView.swift in Sources */,
				7BB8352D2A95C484009537F1 /* MapDestinationApp.swift in Sources */,
			);
			runOnlyForDeploymentPostprocessing = 0;
		};
/* End PBXSourcesBuildPhase section */

/* Begin XCBuildConfiguration section */
		7BB835352A95C486009537F1 /* Debug */ = {
			isa = XCBuildConfiguration;
			buildSettings = {
				ALWAYS_SEARCH_USER_PATHS = NO;
				CLANG_ANALYZER_NONNULL = YES;
				CLANG_ANALYZER_NUMBER_OBJECT_CONVERSION = YES_AGGRESSIVE;
				CLANG_CXX_LANGUAGE_STANDARD = "gnu++20";
				CLANG_ENABLE_MODULES = YES;
				CLANG_ENABLE_OBJC_ARC = YES;
				CLANG_ENABLE_OBJC_WEAK = YES;
				CLANG_WARN_BLOCK_CAPTURE_AUTORELEASING = YES;
				CLANG_WARN_BOOL_CONVERSION = YES;
				CLANG_WARN_COMMA = YES;
				CLANG_WARN_CONSTANT_CONVERSION = YES;
				CLANG_WARN_DEPRECATED_OBJC_IMPLEMENTATIONS = YES;
				CLANG_WARN_DIRECT_OBJC_ISA_USAGE = YES_ERROR;
				CLANG_WARN_DOCUMENTATION_COMMENTS = YES;
				CLANG_WARN_EMPTY_BODY = YES;
				CLANG_WARN_ENUM_CONVERSION = YES;
				CLANG_WARN_INFINITE_RECURSION = YES;
				CLANG_WARN_INT_CONVERSION = YES;
				CLANG_WARN_NON_LITERAL_NULL_CONVERSION = YES;
				CLANG_WARN_OBJC_IMPLICIT_RETAIN_SELF = YES;
				CLANG_WARN_OBJC_LITERAL_CONVERSION = YES;
				CLANG_WARN_OBJC_ROOT_CLASS = YES_ERROR;
				CLANG_WARN_QUOTED_INCLUDE_IN_FRAMEWORK_HEADER = YES;
				CLANG_WARN_RANGE_LOOP_ANALYSIS = YES;
				CLANG_WARN_STRICT_PROTOTYPES = YES;
				CLANG_WARN_SUSPICIOUS_MOVE = YES;
				CLANG_WARN_UNGUARDED_AVAILABILITY = YES_AGGRESSIVE;
				CLANG_WARN_UNREACHABLE_CODE = YES;
				CLANG_WARN__DUPLICATE_METHOD_MATCH = YES;
				COPY_PHASE_STRIP = NO;
				DEBUG_INFORMATION_FORMAT = dwarf;
				ENABLE_STRICT_OBJC_MSGSEND = YES;
				ENABLE_TESTABILITY = YES;
				GCC_C_LANGUAGE_STANDARD = gnu11;
				GCC_DYNAMIC_NO_PIC = NO;
				GCC_NO_COMMON_BLOCKS = YES;
				GCC_OPTIMIZATION_LEVEL = 0;
				GCC_PREPROCESSOR_DEFINITIONS = (
					"DEBUG=1",
					"$(inherited)",
				);
				GCC_WARN_64_TO_32_BIT_CONVERSION = YES;
				GCC_WARN_ABOUT_RETURN_TYPE = YES_ERROR;
				GCC_WARN_UNDECLARED_SELECTOR = YES;
				GCC_WARN_UNINITIALIZED_AUTOS = YES_AGGRESSIVE;
				GCC_WARN_UNUSED_FUNCTION = YES;
				GCC_WARN_UNUSED_VARIABLE = YES;
				IPHONEOS_DEPLOYMENT_TARGET = 16.4;
				MTL_ENABLE_DEBUG_INFO = INCLUDE_SOURCE;
				MTL_FAST_MATH = YES;
				ONLY_ACTIVE_ARCH = YES;
				SDKROOT = iphoneos;
				SWIFT_ACTIVE_COMPILATION_CONDITIONS = DEBUG;
				SWIFT_OPTIMIZATION_LEVEL = "-Onone";
			};
			name = Debug;
		};
		7BB835362A95C486009537F1 /* Release */ = {
			isa = XCBuildConfiguration;
			buildSettings = {
				ALWAYS_SEARCH_USER_PATHS = NO;
				CLANG_ANALYZER_NONNULL = YES;
				CLANG_ANALYZER_NUMBER_OBJECT_CONVERSION = YES_AGGRESSIVE;
				CLANG_CXX_LANGUAGE_STANDARD = "gnu++20";
				CLANG_ENABLE_MODULES = YES;
				CLANG_ENABLE_OBJC_ARC = YES;
				CLANG_ENABLE_OBJC_WEAK = YES;
				CLANG_WARN_BLOCK_CAPTURE_AUTORELEASING = YES;
				CLANG_WARN_BOOL_CONVERSION = YES;
				CLANG_WARN_COMMA = YES;
				CLANG_WARN_CONSTANT_CONVERSION = YES;
				CLANG_WARN_DEPRECATED_OBJC_IMPLEMENTATIONS = YES;
				CLANG_WARN_DIRECT_OBJC_ISA_USAGE = YES_ERROR;
				CLANG_WARN_DOCUMENTATION_COMMENTS = YES;
				CLANG_WARN_EMPTY_BODY = YES;
				CLANG_WARN_ENUM_CONVERSION = YES;
				CLANG_WARN_INFINITE_RECURSION = YES;
				CLANG_WARN_INT_CONVERSION = YES;
				CLANG_WARN_NON_LITERAL_NULL_CONVERSION = YES;
				CLANG_WARN_OBJC_IMPLICIT_RETAIN_SELF = YES;
				CLANG_WARN_OBJC_LITERAL_CONVERSION = YES;
				CLANG_WARN_OBJC_ROOT_CLASS = YES_ERROR;
				CLANG_WARN_QUOTED_INCLUDE_IN_FRAMEWORK_HEADER = YES;
				CLANG_WARN_RANGE_LOOP_ANALYSIS = YES;
				CLANG_WARN_STRICT_PROTOTYPES = YES;
				CLANG_WARN_SUSPICIOUS_MOVE = YES;
				CLANG_WARN_UNGUARDED_AVAILABILITY = YES_AGGRESSIVE;
				CLANG_WARN_UNREACHABLE_CODE = YES;
				CLANG_WARN__DUPLICATE_METHOD_MATCH = YES;
				COPY_PHASE_STRIP = NO;
				DEBUG_INFORMATION_FORMAT = "dwarf-with-dsym";
				ENABLE_NS_ASSERTIONS = NO;
				ENABLE_STRICT_OBJC_MSGSEND = YES;
				GCC_C_LANGUAGE_STANDARD = gnu11;
				GCC_NO_COMMON_BLOCKS = YES;
				GCC_WARN_64_TO_32_BIT_CONVERSION = YES;
				GCC_WARN_ABOUT_RETURN_TYPE = YES_ERROR;
				GCC_WARN_UNDECLARED_SELECTOR = YES;
				GCC_WARN_UNINITIALIZED_AUTOS = YES_AGGRESSIVE;
				GCC_WARN_UNUSED_FUNCTION = YES;
				GCC_WARN_UNUSED_VARIABLE = YES;
				IPHONEOS_DEPLOYMENT_TARGET = 16.4;
				MTL_ENABLE_DEBUG_INFO = NO;
				MTL_FAST_MATH = YES;
				SDKROOT = iphoneos;
				SWIFT_COMPILATION_MODE = wholemodule;
				SWIFT_OPTIMIZATION_LEVEL = "-O";
				VALIDATE_PRODUCT = YES;
			};
			name = Release;
		};
		7BB835382A95C486009537F1 /* Debug */ = {
			isa = XCBuildConfiguration;
			buildSettings = {
				ASSETCATALOG_COMPILER_APPICON_NAME = AppIcon;
				ASSETCATALOG_COMPILER_GLOBAL_ACCENT_COLOR_NAME = AccentColor;
				CODE_SIGN_STYLE = Automatic;
				CURRENT_PROJECT_VERSION = 1;
				DEVELOPMENT_ASSET_PATHS = "\"MapDestination/Preview Content\"";
				DEVELOPMENT_TEAM = B9S7PB8R45;
				ENABLE_PREVIEWS = YES;
				GENERATE_INFOPLIST_FILE = YES;
				INFOPLIST_KEY_UIApplicationSceneManifest_Generation = YES;
				INFOPLIST_KEY_UIApplicationSupportsIndirectInputEvents = YES;
				INFOPLIST_KEY_UILaunchScreen_Generation = YES;
				INFOPLIST_KEY_UISupportedInterfaceOrientations_iPad = "UIInterfaceOrientationPortrait UIInterfaceOrientationPortraitUpsideDown UIInterfaceOrientationLandscapeLeft UIInterfaceOrientationLandscapeRight";
				INFOPLIST_KEY_UISupportedInterfaceOrientations_iPhone = "UIInterfaceOrientationPortrait UIInterfaceOrientationLandscapeLeft UIInterfaceOrientationLandscapeRight";
				LD_RUNPATH_SEARCH_PATHS = (
					"$(inherited)",
					"@executable_path/Frameworks",
				);
				MARKETING_VERSION = 1.0;
				PRODUCT_BUNDLE_IDENTIFIER = com.pagopatito.MapDestination;
				PRODUCT_NAME = "$(TARGET_NAME)";
				SWIFT_EMIT_LOC_STRINGS = YES;
				SWIFT_VERSION = 5.0;
				TARGETED_DEVICE_FAMILY = "1,2";
			};
			name = Debug;
		};
		7BB835392A95C486009537F1 /* Release */ = {
			isa = XCBuildConfiguration;
			buildSettings = {
				ASSETCATALOG_COMPILER_APPICON_NAME = AppIcon;
				ASSETCATALOG_COMPILER_GLOBAL_ACCENT_COLOR_NAME = AccentColor;
				CODE_SIGN_STYLE = Automatic;
				CURRENT_PROJECT_VERSION = 1;
				DEVELOPMENT_ASSET_PATHS = "\"MapDestination/Preview Content\"";
				DEVELOPMENT_TEAM = B9S7PB8R45;
				ENABLE_PREVIEWS = YES;
				GENERATE_INFOPLIST_FILE = YES;
				INFOPLIST_KEY_UIApplicationSceneManifest_Generation = YES;
				INFOPLIST_KEY_UIApplicationSupportsIndirectInputEvents = YES;
				INFOPLIST_KEY_UILaunchScreen_Generation = YES;
				INFOPLIST_KEY_UISupportedInterfaceOrientations_iPad = "UIInterfaceOrientationPortrait UIInterfaceOrientationPortraitUpsideDown UIInterfaceOrientationLandscapeLeft UIInterfaceOrientationLandscapeRight";
				INFOPLIST_KEY_UISupportedInterfaceOrientations_iPhone = "UIInterfaceOrientationPortrait UIInterfaceOrientationLandscapeLeft UIInterfaceOrientationLandscapeRight";
				LD_RUNPATH_SEARCH_PATHS = (
					"$(inherited)",
					"@executable_path/Frameworks",
				);
				MARKETING_VERSION = 1.0;
				PRODUCT_BUNDLE_IDENTIFIER = com.pagopatito.MapDestination;
				PRODUCT_NAME = "$(TARGET_NAME)";
				SWIFT_EMIT_LOC_STRINGS = YES;
				SWIFT_VERSION = 5.0;
				TARGETED_DEVICE_FAMILY = "1,2";
			};
			name = Release;
		};
/* End XCBuildConfiguration section */

/* Begin XCConfigurationList section */
		7BB835242A95C484009537F1 /* Build configuration list for PBXProject "MapDestination" */ = {
			isa = XCConfigurationList;
			buildConfigurations = (
				7BB835352A95C486009537F1 /* Debug */,
				7BB835362A95C486009537F1 /* Release */,
			);
			defaultConfigurationIsVisible = 0;
			defaultConfigurationName = Release;
		};
		7BB835372A95C486009537F1 /* Build configuration list for PBXNativeTarget "MapDestination" */ = {
			isa = XCConfigurationList;
			buildConfigurations = (
				7BB835382A95C486009537F1 /* Debug */,
				7BB835392A95C486009537F1 /* Release */,
			);
			defaultConfigurationIsVisible = 0;
			defaultConfigurationName = Release;
		};
/* End XCConfigurationList section */
	};
	rootObject = 7BB835212A95C484009537F1 /* Project object */;
}
